
Microsoft Visual Studio Solution File, Format Version 12.00
# Visual Studio Version 17
VisualStudioVersion = 17.9.34622.214
MinimumVisualStudioVersion = 10.0.40219.1
Project("{FAE04EC0-301F-11D3-BF4B-00C04F79EFBC}") = "ZadachaEdno", "ZadachaEdno\ZadachaEdno.csproj", "{38AE88B6-234E-467D-BF3D-8212B2EBC840}"
EndProject
Global
	GlobalSection(SolutionConfigurationPlatforms) = preSolution
		Debug|Any CPU = Debug|Any CPU
		Release|Any CPU = Release|Any CPU
	EndGlobalSection
	GlobalSection(ProjectConfigurationPlatforms) = postSolution
		{38AE88B6-234E-467D-BF3D-8212B2EBC840}.Debug|Any CPU.ActiveCfg = Debug|Any CPU
		{38AE88B6-234E-467D-BF3D-8212B2EBC840}.Debug|Any CPU.Build.0 = Debug|Any CPU
		{38AE88B6-234E-467D-BF3D-8212B2EBC840}.Release|Any CPU.ActiveCfg = Release|Any CPU
		{38AE88B6-234E-467D-BF3D-8212B2EBC840}.Release|Any CPU.Build.0 = Release|Any CPU
	EndGlobalSection
	GlobalSection(SolutionProperties) = preSolution
		HideSolutionNode = FALSE
	EndGlobalSection
	GlobalSection(ExtensibilityGlobals) = postSolution
		SolutionGuid = {E1A7005B-91F4-426B-A200-AAAC631465CF}
	EndGlobalSection
EndGlobal
